
Microsoft Visual Studio Solution File, Format Version 12.00
# Visual Studio Version 16
VisualStudioVersion = 16.0.32802.440
MinimumVisualStudioVersion = 10.0.40219.1
Project("{FAE04EC0-301F-11D3-BF4B-00C04F79EFBC}") = "EmployeeManagementSample02", "EmployeeManagementSample02\EmployeeManagementSample02.csproj", "{8DBA0F43-270A-4522-8057-90333A5E1229}"
EndProject
Global
	GlobalSection(SolutionConfigurationPlatforms) = preSolution
		Debug|Any CPU = Debug|Any CPU
		Release|Any CPU = Release|Any CPU
	EndGlobalSection
	GlobalSection(ProjectConfigurationPlatforms) = postSolution
		{8DBA0F43-270A-4522-8057-90333A5E1229}.Debug|Any CPU.ActiveCfg = Debug|Any CPU
		{8DBA0F43-270A-4522-8057-90333A5E1229}.Debug|Any CPU.Build.0 = Debug|Any CPU
		{8DBA0F43-270A-4522-8057-90333A5E1229}.Release|Any CPU.ActiveCfg = Release|Any CPU
		{8DBA0F43-270A-4522-8057-90333A5E1229}.Release|Any CPU.Build.0 = Release|Any CPU
	EndGlobalSection
	GlobalSection(SolutionProperties) = preSolution
		HideSolutionNode = FALSE
	EndGlobalSection
	GlobalSection(ExtensibilityGlobals) = postSolution
		SolutionGuid = {DBC2796E-F814-4C8E-83B7-3041A858A547}
	EndGlobalSection
EndGlobal
